
Microsoft Visual Studio Solution File, Format Version 12.00
# Visual Studio 14
VisualStudioVersion = 14.0.25420.1
MinimumVisualStudioVersion = 10.0.40219.1
Project("{FAE04EC0-301F-11D3-BF4B-00C04F79EFBC}") = "CryptographyExercise", "CryptographyExercise\CryptographyExercise.csproj", "{BFC8AA56-B369-4A2D-83A2-78440B0E0A5D}"
EndProject
Project("{FAE04EC0-301F-11D3-BF4B-00C04F79EFBC}") = "CryptographyExerciseTests", "CryptographyExerciseTests\CryptographyExerciseTests.csproj", "{872B9C2D-AE82-4EE4-AF5F-4EB0477C6BCC}"
EndProject
Global
	GlobalSection(SolutionConfigurationPlatforms) = preSolution
		Debug|Any CPU = Debug|Any CPU
		Release|Any CPU = Release|Any CPU
	EndGlobalSection
	GlobalSection(ProjectConfigurationPlatforms) = postSolution
		{BFC8AA56-B369-4A2D-83A2-78440B0E0A5D}.Debug|Any CPU.ActiveCfg = Debug|Any CPU
		{BFC8AA56-B369-4A2D-83A2-78440B0E0A5D}.Debug|Any CPU.Build.0 = Debug|Any CPU
		{BFC8AA56-B369-4A2D-83A2-78440B0E0A5D}.Release|Any CPU.ActiveCfg = Release|Any CPU
		{BFC8AA56-B369-4A2D-83A2-78440B0E0A5D}.Release|Any CPU.Build.0 = Release|Any CPU
		{872B9C2D-AE82-4EE4-AF5F-4EB0477C6BCC}.Debug|Any CPU.ActiveCfg = Debug|Any CPU
		{872B9C2D-AE82-4EE4-AF5F-4EB0477C6BCC}.Debug|Any CPU.Build.0 = Debug|Any CPU
		{872B9C2D-AE82-4EE4-AF5F-4EB0477C6BCC}.Release|Any CPU.ActiveCfg = Release|Any CPU
		{872B9C2D-AE82-4EE4-AF5F-4EB0477C6BCC}.Release|Any CPU.Build.0 = Release|Any CPU
	EndGlobalSection
	GlobalSection(SolutionProperties) = preSolution
		HideSolutionNode = FALSE
	EndGlobalSection
EndGlobal
