
Microsoft Visual Studio Solution File, Format Version 12.00
# Visual Studio 14
VisualStudioVersion = 14.0.25420.1
MinimumVisualStudioVersion = 10.0.40219.1
Project("{FAE04EC0-301F-11D3-BF4B-00C04F79EFBC}") = "RegExAndExceptionHandling", "RegExandExceptionHandling\RegExAndExceptionHandling.csproj", "{AF270EA0-E24B-46B5-9D05-08AADAFBCBD7}"
EndProject
Project("{FAE04EC0-301F-11D3-BF4B-00C04F79EFBC}") = "RegExAndExceptionHandlingTests", "RegExandExceptionHandlingTests\RegExAndExceptionHandlingTests.csproj", "{6B70A356-538A-44AF-93C2-C140CBEBB125}"
EndProject
Global
	GlobalSection(SolutionConfigurationPlatforms) = preSolution
		Debug|Any CPU = Debug|Any CPU
		Release|Any CPU = Release|Any CPU
	EndGlobalSection
	GlobalSection(ProjectConfigurationPlatforms) = postSolution
		{AF270EA0-E24B-46B5-9D05-08AADAFBCBD7}.Debug|Any CPU.ActiveCfg = Debug|Any CPU
		{AF270EA0-E24B-46B5-9D05-08AADAFBCBD7}.Debug|Any CPU.Build.0 = Debug|Any CPU
		{AF270EA0-E24B-46B5-9D05-08AADAFBCBD7}.Release|Any CPU.ActiveCfg = Release|Any CPU
		{AF270EA0-E24B-46B5-9D05-08AADAFBCBD7}.Release|Any CPU.Build.0 = Release|Any CPU
		{6B70A356-538A-44AF-93C2-C140CBEBB125}.Debug|Any CPU.ActiveCfg = Debug|Any CPU
		{6B70A356-538A-44AF-93C2-C140CBEBB125}.Debug|Any CPU.Build.0 = Debug|Any CPU
		{6B70A356-538A-44AF-93C2-C140CBEBB125}.Release|Any CPU.ActiveCfg = Release|Any CPU
		{6B70A356-538A-44AF-93C2-C140CBEBB125}.Release|Any CPU.Build.0 = Release|Any CPU
	EndGlobalSection
	GlobalSection(SolutionProperties) = preSolution
		HideSolutionNode = FALSE
	EndGlobalSection
EndGlobal
